
Microsoft Visual Studio Solution File, Format Version 12.00
# Visual Studio Version 16
VisualStudioVersion = 16.0.30907.101
MinimumVisualStudioVersion = 10.0.40219.1
Project("{9A19103F-16F7-4668-BE54-9A1E7A4F7556}") = "PrimesInNumbersKata", "PrimesInNumbersKata.csproj", "{6750413C-949E-4C82-85F9-EACA57DC7BA7}"
EndProject
Project("{9A19103F-16F7-4668-BE54-9A1E7A4F7556}") = "RectangleIntoSquares", "..\RectangleIntoSquares\RectangleIntoSquares.csproj", "{3912A262-5C6D-4374-B10E-6CC91F82D81D}"
EndProject
Project("{FAE04EC0-301F-11D3-BF4B-00C04F79EFBC}") = "DecodetheMorsecode", "..\DecodetheMorsecode\DecodetheMorsecode.csproj", "{030EE1C7-76B4-40E8-B794-B0DB76EF749A}"
EndProject
Project("{FAE04EC0-301F-11D3-BF4B-00C04F79EFBC}") = "PerimeterOfSquaresInARectangle", "..\PerimeterOfSquaresInARectangle\PerimeterOfSquaresInARectangle.csproj", "{10D57B20-A758-46AC-A358-58DF960519EC}"
EndProject
Project("{FAE04EC0-301F-11D3-BF4B-00C04F79EFBC}") = "MakeaSpiral", "..\MakeaSpiral\MakeaSpiral.csproj", "{FD35D70B-00CB-4E7F-A0C0-822FB4CE0D77}"
EndProject
Global
	GlobalSection(SolutionConfigurationPlatforms) = preSolution
		Debug|Any CPU = Debug|Any CPU
		Release|Any CPU = Release|Any CPU
	EndGlobalSection
	GlobalSection(ProjectConfigurationPlatforms) = postSolution
		{6750413C-949E-4C82-85F9-EACA57DC7BA7}.Debug|Any CPU.ActiveCfg = Debug|Any CPU
		{6750413C-949E-4C82-85F9-EACA57DC7BA7}.Debug|Any CPU.Build.0 = Debug|Any CPU
		{6750413C-949E-4C82-85F9-EACA57DC7BA7}.Release|Any CPU.ActiveCfg = Release|Any CPU
		{6750413C-949E-4C82-85F9-EACA57DC7BA7}.Release|Any CPU.Build.0 = Release|Any CPU
		{3912A262-5C6D-4374-B10E-6CC91F82D81D}.Debug|Any CPU.ActiveCfg = Debug|Any CPU
		{3912A262-5C6D-4374-B10E-6CC91F82D81D}.Debug|Any CPU.Build.0 = Debug|Any CPU
		{3912A262-5C6D-4374-B10E-6CC91F82D81D}.Release|Any CPU.ActiveCfg = Release|Any CPU
		{3912A262-5C6D-4374-B10E-6CC91F82D81D}.Release|Any CPU.Build.0 = Release|Any CPU
		{030EE1C7-76B4-40E8-B794-B0DB76EF749A}.Debug|Any CPU.ActiveCfg = Debug|Any CPU
		{030EE1C7-76B4-40E8-B794-B0DB76EF749A}.Debug|Any CPU.Build.0 = Debug|Any CPU
		{030EE1C7-76B4-40E8-B794-B0DB76EF749A}.Release|Any CPU.ActiveCfg = Release|Any CPU
		{030EE1C7-76B4-40E8-B794-B0DB76EF749A}.Release|Any CPU.Build.0 = Release|Any CPU
		{10D57B20-A758-46AC-A358-58DF960519EC}.Debug|Any CPU.ActiveCfg = Debug|Any CPU
		{10D57B20-A758-46AC-A358-58DF960519EC}.Debug|Any CPU.Build.0 = Debug|Any CPU
		{10D57B20-A758-46AC-A358-58DF960519EC}.Release|Any CPU.ActiveCfg = Release|Any CPU
		{10D57B20-A758-46AC-A358-58DF960519EC}.Release|Any CPU.Build.0 = Release|Any CPU
		{FD35D70B-00CB-4E7F-A0C0-822FB4CE0D77}.Debug|Any CPU.ActiveCfg = Debug|Any CPU
		{FD35D70B-00CB-4E7F-A0C0-822FB4CE0D77}.Debug|Any CPU.Build.0 = Debug|Any CPU
		{FD35D70B-00CB-4E7F-A0C0-822FB4CE0D77}.Release|Any CPU.ActiveCfg = Release|Any CPU
		{FD35D70B-00CB-4E7F-A0C0-822FB4CE0D77}.Release|Any CPU.Build.0 = Release|Any CPU
	EndGlobalSection
	GlobalSection(SolutionProperties) = preSolution
		HideSolutionNode = FALSE
	EndGlobalSection
	GlobalSection(ExtensibilityGlobals) = postSolution
		SolutionGuid = {57BF5F1B-ECFB-4277-99DE-39A35C48BAF2}
	EndGlobalSection
EndGlobal
