
Microsoft Visual Studio Solution File, Format Version 12.00
# Visual Studio Version 16
VisualStudioVersion = 16.0.31025.194
MinimumVisualStudioVersion = 10.0.40219.1
Project("{9A19103F-16F7-4668-BE54-9A1E7A4F7556}") = "PrimesInNumbersKata", "..\PrimesInNumbersKata\PrimesInNumbersKata.csproj", "{10AF7353-7F33-497A-805B-B228C4E1C556}"
EndProject
Global
	GlobalSection(SolutionConfigurationPlatforms) = preSolution
		Debug|Any CPU = Debug|Any CPU
		Release|Any CPU = Release|Any CPU
	EndGlobalSection
	GlobalSection(ProjectConfigurationPlatforms) = postSolution
		{10AF7353-7F33-497A-805B-B228C4E1C556}.Debug|Any CPU.ActiveCfg = Debug|Any CPU
		{10AF7353-7F33-497A-805B-B228C4E1C556}.Debug|Any CPU.Build.0 = Debug|Any CPU
		{10AF7353-7F33-497A-805B-B228C4E1C556}.Release|Any CPU.ActiveCfg = Release|Any CPU
		{10AF7353-7F33-497A-805B-B228C4E1C556}.Release|Any CPU.Build.0 = Release|Any CPU
	EndGlobalSection
	GlobalSection(SolutionProperties) = preSolution
		HideSolutionNode = FALSE
	EndGlobalSection
	GlobalSection(ExtensibilityGlobals) = postSolution
		SolutionGuid = {0A7AA834-9A2F-43A7-968A-6CA3A8FF55D5}
	EndGlobalSection
EndGlobal
